// !$*UTF8*$!
{
	archiveVersion = 1;
	classes = {
	};
	objectVersion = 46;
	objects = {

/* Begin PBXBuildFile section */
		6ED731771B81D332006AC4B2 /* main.m in Sources */ = {isa = PBXBuildFile; fileRef = 6ED731761B81D332006AC4B2 /* main.m */; };
		6ED7317A1B81D332006AC4B2 /* AppDelegate.m in Sources */ = {isa = PBXBuildFile; fileRef = 6ED731791B81D332006AC4B2 /* AppDelegate.m */; };
		6ED7317D1B81D332006AC4B2 /* ViewController.m in Sources */ = {isa = PBXBuildFile; fileRef = 6ED7317C1B81D332006AC4B2 /* ViewController.m */; };
		6ED731801B81D332006AC4B2 /* Main.storyboard in Resources */ = {isa = PBXBuildFile; fileRef = 6ED7317E1B81D332006AC4B2 /* Main.storyboard */; };
		6ED731821B81D332006AC4B2 /* Images.xcassets in Resources */ = {isa = PBXBuildFile; fileRef = 6ED731811B81D332006AC4B2 /* Images.xcassets */; };
		6ED731851B81D332006AC4B2 /* LaunchScreen.xib in Resources */ = {isa = PBXBuildFile; fileRef = 6ED731831B81D332006AC4B2 /* LaunchScreen.xib */; };
		6ED731911B81D332006AC4B2 /* ObjcSwiftRealmModelTests.m in Sources */ = {isa = PBXBuildFile; fileRef = 6ED731901B81D332006AC4B2 /* ObjcSwiftRealmModelTests.m */; };
/* End PBXBuildFile section */

/* Begin PBXContainerItemProxy section */
		6ED7318B1B81D332006AC4B2 /* PBXContainerItemProxy */ = {
			isa = PBXContainerItemProxy;
			containerPortal = 6ED731691B81D332006AC4B2 /* Project object */;
			proxyType = 1;
			remoteGlobalIDString = 6ED731701B81D332006AC4B2;
			remoteInfo = ObjcSwiftRealmModel;
		};
/* End PBXContainerItemProxy section */

/* Begin PBXFileReference section */
		6ED731711B81D332006AC4B2 /* ObjcSwiftRealmModel.app */ = {isa = PBXFileReference; explicitFileType = wrapper.application; includeInIndex = 0; path = ObjcSwiftRealmModel.app; sourceTree = BUILT_PRODUCTS_DIR; };
		6ED731751B81D332006AC4B2 /* Info.plist */ = {isa = PBXFileReference; lastKnownFileType = text.plist.xml; path = Info.plist; sourceTree = "<group>"; };
		6ED731761B81D332006AC4B2 /* main.m */ = {isa = PBXFileReference; lastKnownFileType = sourcecode.c.objc; path = main.m; sourceTree = "<group>"; };
		6ED731781B81D332006AC4B2 /* AppDelegate.h */ = {isa = PBXFileReference; lastKnownFileType = sourcecode.c.h; path = AppDelegate.h; sourceTree = "<group>"; };
		6ED731791B81D332006AC4B2 /* AppDelegate.m */ = {isa = PBXFileReference; lastKnownFileType = sourcecode.c.objc; path = AppDelegate.m; sourceTree = "<group>"; };
		6ED7317B1B81D332006AC4B2 /* ViewController.h */ = {isa = PBXFileReference; lastKnownFileType = sourcecode.c.h; path = ViewController.h; sourceTree = "<group>"; };
		6ED7317C1B81D332006AC4B2 /* ViewController.m */ = {isa = PBXFileReference; lastKnownFileType = sourcecode.c.objc; path = ViewController.m; sourceTree = "<group>"; };
		6ED7317F1B81D332006AC4B2 /* Base */ = {isa = PBXFileReference; lastKnownFileType = file.storyboard; name = Base; path = Base.lproj/Main.storyboard; sourceTree = "<group>"; };
		6ED731811B81D332006AC4B2 /* Images.xcassets */ = {isa = PBXFileReference; lastKnownFileType = folder.assetcatalog; path = Images.xcassets; sourceTree = "<group>"; };
		6ED731841B81D332006AC4B2 /* Base */ = {isa = PBXFileReference; lastKnownFileType = file.xib; name = Base; path = Base.lproj/LaunchScreen.xib; sourceTree = "<group>"; };
		6ED7318A1B81D332006AC4B2 /* ObjcSwiftRealmModelTests.xctest */ = {isa = PBXFileReference; explicitFileType = wrapper.cfbundle; includeInIndex = 0; path = ObjcSwiftRealmModelTests.xctest; sourceTree = BUILT_PRODUCTS_DIR; };
		6ED7318F1B81D332006AC4B2 /* Info.plist */ = {isa = PBXFileReference; lastKnownFileType = text.plist.xml; path = Info.plist; sourceTree = "<group>"; };
		6ED731901B81D332006AC4B2 /* ObjcSwiftRealmModelTests.m */ = {isa = PBXFileReference; lastKnownFileType = sourcecode.c.objc; path = ObjcSwiftRealmModelTests.m; sourceTree = "<group>"; };
/* End PBXFileReference section */

/* Begin PBXFrameworksBuildPhase section */
		6ED7316E1B81D332006AC4B2 /* Frameworks */ = {
			isa = PBXFrameworksBuildPhase;
			buildActionMask = 2147483647;
			files = (
			);
			runOnlyForDeploymentPostprocessing = 0;
		};
		6ED731871B81D332006AC4B2 /* Frameworks */ = {
			isa = PBXFrameworksBuildPhase;
			buildActionMask = 2147483647;
			files = (
			);
			runOnlyForDeploymentPostprocessing = 0;
		};
/* End PBXFrameworksBuildPhase section */

/* Begin PBXGroup section */
		6ED731681B81D332006AC4B2 = {
			isa = PBXGroup;
			children = (
				6ED731731B81D332006AC4B2 /* ObjcSwiftRealmModel */,
				6ED7318D1B81D332006AC4B2 /* ObjcSwiftRealmModelTests */,
				6ED731721B81D332006AC4B2 /* Products */,
			);
			sourceTree = "<group>";
		};
		6ED731721B81D332006AC4B2 /* Products */ = {
			isa = PBXGroup;
			children = (
				6ED731711B81D332006AC4B2 /* ObjcSwiftRealmModel.app */,
				6ED7318A1B81D332006AC4B2 /* ObjcSwiftRealmModelTests.xctest */,
			);
			name = Products;
			sourceTree = "<group>";
		};
		6ED731731B81D332006AC4B2 /* ObjcSwiftRealmModel */ = {
			isa = PBXGroup;
			children = (
				6ED731781B81D332006AC4B2 /* AppDelegate.h */,
				6ED731791B81D332006AC4B2 /* AppDelegate.m */,
				6ED7317B1B81D332006AC4B2 /* ViewController.h */,
				6ED7317C1B81D332006AC4B2 /* ViewController.m */,
				6ED7317E1B81D332006AC4B2 /* Main.storyboard */,
				6ED731811B81D332006AC4B2 /* Images.xcassets */,
				6ED731831B81D332006AC4B2 /* LaunchScreen.xib */,
				6ED731741B81D332006AC4B2 /* Supporting Files */,
			);
			path = ObjcSwiftRealmModel;
			sourceTree = "<group>";
		};
		6ED731741B81D332006AC4B2 /* Supporting Files */ = {
			isa = PBXGroup;
			children = (
				6ED731751B81D332006AC4B2 /* Info.plist */,
				6ED731761B81D332006AC4B2 /* main.m */,
			);
			name = "Supporting Files";
			sourceTree = "<group>";
		};
		6ED7318D1B81D332006AC4B2 /* ObjcSwiftRealmModelTests */ = {
			isa = PBXGroup;
			children = (
				6ED731901B81D332006AC4B2 /* ObjcSwiftRealmModelTests.m */,
				6ED7318E1B81D332006AC4B2 /* Supporting Files */,
			);
			path = ObjcSwiftRealmModelTests;
			sourceTree = "<group>";
		};
		6ED7318E1B81D332006AC4B2 /* Supporting Files */ = {
			isa = PBXGroup;
			children = (
				6ED7318F1B81D332006AC4B2 /* Info.plist */,
			);
			name = "Supporting Files";
			sourceTree = "<group>";
		};
/* End PBXGroup section */

/* Begin PBXNativeTarget section */
		6ED731701B81D332006AC4B2 /* ObjcSwiftRealmModel */ = {
			isa = PBXNativeTarget;
			buildConfigurationList = 6ED731941B81D332006AC4B2 /* Build configuration list for PBXNativeTarget "ObjcSwiftRealmModel" */;
			buildPhases = (
				6ED7316D1B81D332006AC4B2 /* Sources */,
				6ED7316E1B81D332006AC4B2 /* Frameworks */,
				6ED7316F1B81D332006AC4B2 /* Resources */,
			);
			buildRules = (
			);
			dependencies = (
			);
			name = ObjcSwiftRealmModel;
			productName = ObjcSwiftRealmModel;
			productReference = 6ED731711B81D332006AC4B2 /* ObjcSwiftRealmModel.app */;
			productType = "com.apple.product-type.application";
		};
		6ED731891B81D332006AC4B2 /* ObjcSwiftRealmModelTests */ = {
			isa = PBXNativeTarget;
			buildConfigurationList = 6ED731971B81D332006AC4B2 /* Build configuration list for PBXNativeTarget "ObjcSwiftRealmModelTests" */;
			buildPhases = (
				6ED731861B81D332006AC4B2 /* Sources */,
				6ED731871B81D332006AC4B2 /* Frameworks */,
				6ED731881B81D332006AC4B2 /* Resources */,
			);
			buildRules = (
			);
			dependencies = (
				6ED7318C1B81D332006AC4B2 /* PBXTargetDependency */,
			);
			name = ObjcSwiftRealmModelTests;
			productName = ObjcSwiftRealmModelTests;
			productReference = 6ED7318A1B81D332006AC4B2 /* ObjcSwiftRealmModelTests.xctest */;
			productType = "com.apple.product-type.bundle.unit-test";
		};
/* End PBXNativeTarget section */

/* Begin PBXProject section */
		6ED731691B81D332006AC4B2 /* Project object */ = {
			isa = PBXProject;
			attributes = {
				LastUpgradeCheck = 0630;
				ORGANIZATIONNAME = "Viktoras Laukevicius";
				TargetAttributes = {
					6ED731701B81D332006AC4B2 = {
						CreatedOnToolsVersion = 6.3.2;
					};
					6ED731891B81D332006AC4B2 = {
						CreatedOnToolsVersion = 6.3.2;
						TestTargetID = 6ED731701B81D332006AC4B2;
					};
				};
			};
			buildConfigurationList = 6ED7316C1B81D332006AC4B2 /* Build configuration list for PBXProject "ObjcSwiftRealmModel" */;
			compatibilityVersion = "Xcode 3.2";
			developmentRegion = English;
			hasScannedForEncodings = 0;
			knownRegions = (
				en,
				Base,
			);
			mainGroup = 6ED731681B81D332006AC4B2;
			productRefGroup = 6ED731721B81D332006AC4B2 /* Products */;
			projectDirPath = "";
			projectRoot = "";
			targets = (
				6ED731701B81D332006AC4B2 /* ObjcSwiftRealmModel */,
				6ED731891B81D332006AC4B2 /* ObjcSwiftRealmModelTests */,
			);
		};
/* End PBXProject section */

/* Begin PBXResourcesBuildPhase section */
		6ED7316F1B81D332006AC4B2 /* Resources */ = {
			isa = PBXResourcesBuildPhase;
			buildActionMask = 2147483647;
			files = (
				6ED731801B81D332006AC4B2 /* Main.storyboard in Resources */,
				6ED731851B81D332006AC4B2 /* LaunchScreen.xib in Resources */,
				6ED731821B81D332006AC4B2 /* Images.xcassets in Resources */,
			);
			runOnlyForDeploymentPostprocessing = 0;
		};
		6ED731881B81D332006AC4B2 /* Resources */ = {
			isa = PBXResourcesBuildPhase;
			buildActionMask = 2147483647;
			files = (
			);
			runOnlyForDeploymentPostprocessing = 0;
		};
/* End PBXResourcesBuildPhase section */

/* Begin PBXSourcesBuildPhase section */
		6ED7316D1B81D332006AC4B2 /* Sources */ = {
			isa = PBXSourcesBuildPhase;
			buildActionMask = 2147483647;
			files = (
				6ED7317D1B81D332006AC4B2 /* ViewController.m in Sources */,
				6ED7317A1B81D332006AC4B2 /* AppDelegate.m in Sources */,
				6ED731771B81D332006AC4B2 /* main.m in Sources */,
			);
			runOnlyForDeploymentPostprocessing = 0;
		};
		6ED731861B81D332006AC4B2 /* Sources */ = {
			isa = PBXSourcesBuildPhase;
			buildActionMask = 2147483647;
			files = (
				6ED731911B81D332006AC4B2 /* ObjcSwiftRealmModelTests.m in Sources */,
			);
			runOnlyForDeploymentPostprocessing = 0;
		};
/* End PBXSourcesBuildPhase section */

/* Begin PBXTargetDependency section */
		6ED7318C1B81D332006AC4B2 /* PBXTargetDependency */ = {
			isa = PBXTargetDependency;
			target = 6ED731701B81D332006AC4B2 /* ObjcSwiftRealmModel */;
			targetProxy = 6ED7318B1B81D332006AC4B2 /* PBXContainerItemProxy */;
		};
/* End PBXTargetDependency section */

/* Begin PBXVariantGroup section */
		6ED7317E1B81D332006AC4B2 /* Main.storyboard */ = {
			isa = PBXVariantGroup;
			children = (
				6ED7317F1B81D332006AC4B2 /* Base */,
			);
			name = Main.storyboard;
			sourceTree = "<group>";
		};
		6ED731831B81D332006AC4B2 /* LaunchScreen.xib */ = {
			isa = PBXVariantGroup;
			children = (
				6ED731841B81D332006AC4B2 /* Base */,
			);
			name = LaunchScreen.xib;
			sourceTree = "<group>";
		};
/* End PBXVariantGroup section */

/* Begin XCBuildConfiguration section */
		6ED731921B81D332006AC4B2 /* Debug */ = {
			isa = XCBuildConfiguration;
			buildSettings = {
				ALWAYS_SEARCH_USER_PATHS = NO;
				CLANG_CXX_LANGUAGE_STANDARD = "gnu++0x";
				CLANG_CXX_LIBRARY = "libc++";
				CLANG_ENABLE_MODULES = YES;
				CLANG_ENABLE_OBJC_ARC = YES;
				CLANG_WARN_BOOL_CONVERSION = YES;
				CLANG_WARN_CONSTANT_CONVERSION = YES;
				CLANG_WARN_DIRECT_OBJC_ISA_USAGE = YES_ERROR;
				CLANG_WARN_EMPTY_BODY = YES;
				CLANG_WARN_ENUM_CONVERSION = YES;
				CLANG_WARN_INT_CONVERSION = YES;
				CLANG_WARN_OBJC_ROOT_CLASS = YES_ERROR;
				CLANG_WARN_UNREACHABLE_CODE = YES;
				CLANG_WARN__DUPLICATE_METHOD_MATCH = YES;
				"CODE_SIGN_IDENTITY[sdk=iphoneos*]" = "iPhone Developer";
				COPY_PHASE_STRIP = NO;
				DEBUG_INFORMATION_FORMAT = "dwarf-with-dsym";
				ENABLE_STRICT_OBJC_MSGSEND = YES;
				GCC_C_LANGUAGE_STANDARD = gnu99;
				GCC_DYNAMIC_NO_PIC = NO;
				GCC_NO_COMMON_BLOCKS = YES;
				GCC_OPTIMIZATION_LEVEL = 0;
				GCC_PREPROCESSOR_DEFINITIONS = (
					"DEBUG=1",
					"$(inherited)",
				);
				GCC_SYMBOLS_PRIVATE_EXTERN = NO;
				GCC_WARN_64_TO_32_BIT_CONVERSION = YES;
				GCC_WARN_ABOUT_RETURN_TYPE = YES_ERROR;
				GCC_WARN_UNDECLARED_SELECTOR = YES;
				GCC_WARN_UNINITIALIZED_AUTOS = YES_AGGRESSIVE;
				GCC_WARN_UNUSED_FUNCTION = YES;
				GCC_WARN_UNUSED_VARIABLE = YES;
				IPHONEOS_DEPLOYMENT_TARGET = 8.3;
				MTL_ENABLE_DEBUG_INFO = YES;
				ONLY_ACTIVE_ARCH = YES;
				SDKROOT = iphoneos;
			};
			name = Debug;
		};
		6ED731931B81D332006AC4B2 /* Release */ = {
			isa = XCBuildConfiguration;
			buildSettings = {
				ALWAYS_SEARCH_USER_PATHS = NO;
				CLANG_CXX_LANGUAGE_STANDARD = "gnu++0x";
				CLANG_CXX_LIBRARY = "libc++";
				CLANG_ENABLE_MODULES = YES;
				CLANG_ENABLE_OBJC_ARC = YES;
				CLANG_WARN_BOOL_CONVERSION = YES;
				CLANG_WARN_CONSTANT_CONVERSION = YES;
				CLANG_WARN_DIRECT_OBJC_ISA_USAGE = YES_ERROR;
				CLANG_WARN_EMPTY_BODY = YES;
				CLANG_WARN_ENUM_CONVERSION = YES;
				CLANG_WARN_INT_CONVERSION = YES;
				CLANG_WARN_OBJC_ROOT_CLASS = YES_ERROR;
				CLANG_WARN_UNREACHABLE_CODE = YES;
				CLANG_WARN__DUPLICATE_METHOD_MATCH = YES;
				"CODE_SIGN_IDENTITY[sdk=iphoneos*]" = "iPhone Developer";
				COPY_PHASE_STRIP = NO;
				DEBUG_INFORMATION_FORMAT = "dwarf-with-dsym";
				ENABLE_NS_ASSERTIONS = NO;
				ENABLE_STRICT_OBJC_MSGSEND = YES;
				GCC_C_LANGUAGE_STANDARD = gnu99;
				GCC_NO_COMMON_BLOCKS = YES;
				GCC_WARN_64_TO_32_BIT_CONVERSION = YES;
				GCC_WARN_ABOUT_RETURN_TYPE = YES_ERROR;
				GCC_WARN_UNDECLARED_SELECTOR = YES;
				GCC_WARN_UNINITIALIZED_AUTOS = YES_AGGRESSIVE;
				GCC_WARN_UNUSED_FUNCTION = YES;
				GCC_WARN_UNUSED_VARIABLE = YES;
				IPHONEOS_DEPLOYMENT_TARGET = 8.3;
				MTL_ENABLE_DEBUG_INFO = NO;
				SDKROOT = iphoneos;
				VALIDATE_PRODUCT = YES;
			};
			name = Release;
		};
		6ED731951B81D332006AC4B2 /* Debug */ = {
			isa = XCBuildConfiguration;
			buildSettings = {
				ASSETCATALOG_COMPILER_APPICON_NAME = AppIcon;
				INFOPLIST_FILE = ObjcSwiftRealmModel/Info.plist;
				LD_RUNPATH_SEARCH_PATHS = "$(inherited) @executable_path/Frameworks";
				PRODUCT_NAME = "$(TARGET_NAME)";
			};
			name = Debug;
		};
		6ED731961B81D332006AC4B2 /* Release */ = {
			isa = XCBuildConfiguration;
			buildSettings = {
				ASSETCATALOG_COMPILER_APPICON_NAME = AppIcon;
				INFOPLIST_FILE = ObjcSwiftRealmModel/Info.plist;
				LD_RUNPATH_SEARCH_PATHS = "$(inherited) @executable_path/Frameworks";
				PRODUCT_NAME = "$(TARGET_NAME)";
			};
			name = Release;
		};
		6ED731981B81D332006AC4B2 /* Debug */ = {
			isa = XCBuildConfiguration;
			buildSettings = {
				BUNDLE_LOADER = "$(TEST_HOST)";
				FRAMEWORK_SEARCH_PATHS = (
					"$(SDKROOT)/Developer/Library/Frameworks",
					"$(inherited)",
				);
				GCC_PREPROCESSOR_DEFINITIONS = (
					"DEBUG=1",
					"$(inherited)",
				);
				INFOPLIST_FILE = ObjcSwiftRealmModelTests/Info.plist;
				LD_RUNPATH_SEARCH_PATHS = "$(inherited) @executable_path/Frameworks @loader_path/Frameworks";
				PRODUCT_NAME = "$(TARGET_NAME)";
				TEST_HOST = "$(BUILT_PRODUCTS_DIR)/ObjcSwiftRealmModel.app/ObjcSwiftRealmModel";
			};
			name = Debug;
		};
		6ED731991B81D332006AC4B2 /* Release */ = {
			isa = XCBuildConfiguration;
			buildSettings = {
				BUNDLE_LOADER = "$(TEST_HOST)";
				FRAMEWORK_SEARCH_PATHS = (
					"$(SDKROOT)/Developer/Library/Frameworks",
					"$(inherited)",
				);
				INFOPLIST_FILE = ObjcSwiftRealmModelTests/Info.plist;
				LD_RUNPATH_SEARCH_PATHS = "$(inherited) @executable_path/Frameworks @loader_path/Frameworks";
				PRODUCT_NAME = "$(TARGET_NAME)";
				TEST_HOST = "$(BUILT_PRODUCTS_DIR)/ObjcSwiftRealmModel.app/ObjcSwiftRealmModel";
			};
			name = Release;
		};
/* End XCBuildConfiguration section */

/* Begin XCConfigurationList section */
		6ED7316C1B81D332006AC4B2 /* Build configuration list for PBXProject "ObjcSwiftRealmModel" */ = {
			isa = XCConfigurationList;
			buildConfigurations = (
				6ED731921B81D332006AC4B2 /* Debug */,
				6ED731931B81D332006AC4B2 /* Release */,
			);
			defaultConfigurationIsVisible = 0;
			defaultConfigurationName = Release;
		};
		6ED731941B81D332006AC4B2 /* Build configuration list for PBXNativeTarget "ObjcSwiftRealmModel" */ = {
			isa = XCConfigurationList;
			buildConfigurations = (
				6ED731951B81D332006AC4B2 /* Debug */,
				6ED731961B81D332006AC4B2 /* Release */,
			);
			defaultConfigurationIsVisible = 0;
		};
		6ED731971B81D332006AC4B2 /* Build configuration list for PBXNativeTarget "ObjcSwiftRealmModelTests" */ = {
			isa = XCConfigurationList;
			buildConfigurations = (
				6ED731981B81D332006AC4B2 /* Debug */,
				6ED731991B81D332006AC4B2 /* Release */,
			);
			defaultConfigurationIsVisible = 0;
		};
/* End XCConfigurationList section */
	};
	rootObject = 6ED731691B81D332006AC4B2 /* Project object */;
}
